PODS:
  - Masonry (1.1.0)
  - PoporFoundation/NSObject (0.0.28)
  - PoporFoundation/NSString (0.0.28):
    - PoporFoundation/PrefixOs
  - PoporFoundation/PrefixCore (0.0.28):
    - PoporFoundation/PrefixOs
  - PoporFoundation/PrefixOs (0.0.28)
  - PoporInputCell (0.0.11):
    - Masonry
    - PoporFoundation/NSString
    - PoporUI/UITextField
    - PoporUI/UITextView
  - PoporUI/UITextField (0.0.38):
    - PoporFoundation/NSString
  - PoporUI/UITextView (0.0.38)
  - PoporUI/UIViewController (0.0.38):
    - PoporFoundation/NSObject
    - PoporFoundation/NSString
    - PoporFoundation/PrefixCore

DEPENDENCIES:
  - PoporInputCell (from `../`)
  - PoporUI/UIViewController

SPEC REPOS:
  https://github.com/cocoapods/specs.git:
    - Masonry
    - PoporFoundation
    - PoporUI

EXTERNAL SOURCES:
  PoporInputCell:
    :path: "../"

SPEC CHECKSUMS:
  Masonry: 678fab65091a9290e40e2832a55e7ab731aad201
  PoporFoundation: fc84ffacadb2dd559c39146baff797b6c3d9f328
  PoporInputCell: 3cb0c9487d57072b16595243911943f0579aa9c6
  PoporUI: 682896c851aacce3f515e9f76b5b6f7ab26e0b7b

PODFILE CHECKSUM: 3729f04a9c414584db2cd6a838be1079ce66ca72

COCOAPODS: 1.7.2
