PODS:
  - Masonry (1.1.0)
  - PoporFoundation/NSObject (1.04)
  - PoporFoundation/NSString (1.04):
    - PoporFoundation/Os
  - PoporFoundation/Os (1.04)
  - PoporFoundation/Prefix (1.04):
    - PoporFoundation/Os
  - PoporInputCell (1.01):
    - Masonry
    - PoporFoundation/NSString
    - PoporUI/UITextField
    - PoporUI/UITextView
  - PoporUI/UITextField (1.01):
    - PoporFoundation/NSString
  - PoporUI/UITextView (1.01)
  - PoporUI/UIViewController (1.01):
    - PoporFoundation/NSObject
    - PoporFoundation/NSString
    - PoporFoundation/Prefix

DEPENDENCIES:
  - PoporInputCell (from `../`)
  - PoporUI/UIViewController

SPEC REPOS:
  https://github.com/cocoapods/specs.git:
    - Masonry
    - PoporFoundation
    - PoporUI

EXTERNAL SOURCES:
  PoporInputCell:
    :path: "../"

SPEC CHECKSUMS:
  Masonry: 678fab65091a9290e40e2832a55e7ab731aad201
  PoporFoundation: f2d6a1484ed875024bcf5ab6fd404a0d7c485d10
  PoporInputCell: 05a8f47df82b0e700181c5a7436addc449f94914
  PoporUI: f6e8c424e4c59b489e9315e5116c9dd55f476df9

PODFILE CHECKSUM: 3729f04a9c414584db2cd6a838be1079ce66ca72

COCOAPODS: 1.7.5
